
Microsoft Visual Studio Solution File, Format Version 12.00
# Visual Studio Version 17
VisualStudioVersion = 17.3.32811.315
MinimumVisualStudioVersion = 10.0.40219.1
Project("{FAE04EC0-301F-11D3-BF4B-00C04F79EFBC}") = "Inlämningsuppgifter 5.2", "Inlämningsuppgifter 5.2\Inlämningsuppgifter 5.2.csproj", "{BE9C5558-9651-4B52-BA97-14144D14562A}"
EndProject
Global
	GlobalSection(SolutionConfigurationPlatforms) = preSolution
		Debug|Any CPU = Debug|Any CPU
		Release|Any CPU = Release|Any CPU
	EndGlobalSection
	GlobalSection(ProjectConfigurationPlatforms) = postSolution
		{BE9C5558-9651-4B52-BA97-14144D14562A}.Debug|Any CPU.ActiveCfg = Debug|Any CPU
		{BE9C5558-9651-4B52-BA97-14144D14562A}.Debug|Any CPU.Build.0 = Debug|Any CPU
		{BE9C5558-9651-4B52-BA97-14144D14562A}.Release|Any CPU.ActiveCfg = Release|Any CPU
		{BE9C5558-9651-4B52-BA97-14144D14562A}.Release|Any CPU.Build.0 = Release|Any CPU
	EndGlobalSection
	GlobalSection(SolutionProperties) = preSolution
		HideSolutionNode = FALSE
	EndGlobalSection
	GlobalSection(ExtensibilityGlobals) = postSolution
		SolutionGuid = {D0AA4EA4-6411-4121-8BDC-D4E825782494}
	EndGlobalSection
EndGlobal
